# @generated by Move, please check-in and do not edit manually.

[move]
version = 3
manifest_digest = "D90EA828FF4FAF5071E6A4242DB5558C7BEC9AC56010D8F1295060C958A4A965"
deps_digest = "F8BBB0CCB2491CA29A3DF03D6F92277A4F3574266507ACD77214D37ECA3F3082"
dependencies = [
  { id = "Sui", name = "Sui" },
]

[[move.package]]
id = "MoveStdlib"
source = { git = "https://github.com/MystenLabs/sui.git", rev = "framework/testnet", subdir = "crates/sui-framework/packages/move-stdlib" }

[[move.package]]
id = "Sui"
source = { git = "https://github.com/MystenLabs/sui.git", rev = "framework/testnet", subdir = "crates/sui-framework/packages/sui-framework" }

dependencies = [
  { id = "MoveStdlib", name = "MoveStdlib" },
]

[move.toolchain-version]
compiler-version = "1.46.3"
edition = "2024"
flavor = "sui"

[env]

[env.devnet]
chain-id = "f4a15ff1"
original-published-id = "0x9ec4223c2a9149d6bfaea7aa15e501c8a0c7d473172b0e6282156c1171611a44"
latest-published-id = "0x9ec4223c2a9149d6bfaea7aa15e501c8a0c7d473172b0e6282156c1171611a44"
published-version = "1"
